{
    "_readme": [
        "This file locks the dependencies of your project to a known state",
        "Read more about it at https://getcomposer.org/doc/01-basic-usage.md#installing-dependencies",
        "This file is @generated automatically"
    ],
    "content-hash": "7502812380393fc92b60c76f0906ad7a",
    "packages": [
        {
            "name": "icecave/collections",
            "version": "1.1.0",
            "source": {
                "type": "git",
                "url": "https://github.com/icecave/collections.git",
                "reference": "08e90468f56bf08e2eb727d0abccf2fc4a00ab6d"
            },
            "dist": {
                "type": "zip",
                "url": "https://api.github.com/repos/icecave/collections/zipball/08e90468f56bf08e2eb727d0abccf2fc4a00ab6d",
                "reference": "08e90468f56bf08e2eb727d0abccf2fc4a00ab6d",
                "shasum": ""
            },
            "require": {
                "ext-mbstring": "*",
                "icecave/parity": "~1",
                "icecave/repr": "~1",
                "php": ">=5.3"
            },
            "require-dev": {
                "eloquent/liberator": "~1",
                "icecave/archer": "~1"
            },
            "type": "library",
            "autoload": {
                "psr-4": {
                    "Icecave\\Collections\\": "src"
                }
            },
            "notification-url": "https://packagist.org/downloads/",
            "license": [
                "MIT"
            ],
            "authors": [
                {
                    "name": "James Harris",
                    "email": "james.harris@icecave.com.au",
                    "homepage": "https://github.com/jmalloc"
                },
                {
                    "name": "Kevin Millar",
                    "email": "koden.km@gmail.com",
                    "homepage": "https://github.com/koden-km"
                }
            ],
            "description": "A PHP collection library loosely inspired by the .NET runtime and the C++ STL.",
            "homepage": "https://github.com/IcecaveStudios/collections",
            "keywords": [
                "array",
                "collection",
                "container",
                "hash",
                "map",
                "queue",
                "sequence",
                "stack"
            ],
            "abandoned": true,
            "time": "2014-03-05T01:30:43+00:00"
        },
        {
            "name": "icecave/parity",
            "version": "1.0.0",
            "source": {
                "type": "git",
                "url": "https://github.com/icecave/parity.git",
                "reference": "0109fef58b3230d23b20b2ac52ecdf477218d300"
            },
            "dist": {
                "type": "zip",
                "url": "https://api.github.com/repos/icecave/parity/zipball/0109fef58b3230d23b20b2ac52ecdf477218d300",
                "reference": "0109fef58b3230d23b20b2ac52ecdf477218d300",
                "shasum": ""
            },
            "require": {
                "icecave/repr": "~1",
                "php": ">=5.3"
            },
            "require-dev": {
                "eloquent/liberator": "~1",
                "icecave/archer": "~1"
            },
            "suggest": {
                "eloquent/asplode": "Drop-in exception-based error handling."
            },
            "type": "library",
            "autoload": {
                "psr-0": {
                    "Icecave\\Parity": "src"
                }
            },
            "notification-url": "https://packagist.org/downloads/",
            "license": [
                "MIT"
            ],
            "authors": [
                {
                    "name": "James Harris",
                    "email": "james.harris@icecave.com.au",
                    "homepage": "https://github.com/jmalloc"
                }
            ],
            "description": "A customizable deep comparison library.",
            "homepage": "https://github.com/IcecaveStudios/parity",
            "keywords": [
                "compare",
                "comparison",
                "equal",
                "equality",
                "greater",
                "less",
                "sort",
                "sorting"
            ],
            "time": "2014-01-17T05:56:27+00:00"
        },
        {
            "name": "icecave/repr",
            "version": "1.0.1",
            "source": {
                "type": "git",
                "url": "https://github.com/icecave/repr.git",
                "reference": "8a3d2953adf5f464a06e3e2587aeacc97e2bed07"
            },
            "dist": {
                "type": "zip",
                "url": "https://api.github.com/repos/icecave/repr/zipball/8a3d2953adf5f464a06e3e2587aeacc97e2bed07",
                "reference": "8a3d2953adf5f464a06e3e2587aeacc97e2bed07",
                "shasum": ""
            },
            "require": {
                "php": ">=5.3"
            },
            "require-dev": {
                "icecave/archer": "~1"
            },
            "suggest": {
                "eloquent/asplode": "Drop-in exception-based error handling."
            },
            "type": "library",
            "autoload": {
                "psr-4": {
                    "Icecave\\Repr\\": "src"
                }
            },
            "notification-url": "https://packagist.org/downloads/",
            "license": [
                "MIT"
            ],
            "authors": [
                {
                    "name": "James Harris",
                    "email": "james.harris@icecave.com.au",
                    "homepage": "https://github.com/jmalloc"
                }
            ],
            "description": "A library for generating string representations of any value, inspired by Python's reprlib library.",
            "homepage": "https://github.com/IcecaveStudios/repr",
            "keywords": [
                "human",
                "readable",
                "repr",
                "representation",
                "string"
            ],
            "time": "2014-07-25T05:44:41+00:00"
        }
    ],
    "packages-dev": [],
    "aliases": [],
    "minimum-stability": "stable",
    "stability-flags": [],
    "prefer-stable": false,
    "prefer-lowest": false,
    "platform": [],
    "platform-dev": []
}
